# THIS IS AN AUTOGENERATED FILE. DO NOT EDIT THIS FILE DIRECTLY.
# yarn lockfile v1


graphql@^0.9.6:
  version "0.9.6"
  resolved "https://registry.yarnpkg.com/graphql/-/graphql-0.9.6.tgz#514421e9d225c29dfc8fd305459abae58815ef2c"
  dependencies:
    iterall "^1.0.0"

iterall@^1.0.0:
  version "1.1.1"
  resolved "https://registry.yarnpkg.com/iterall/-/iterall-1.1.1.tgz#f7f0af11e9a04ec6426260f5019d9fcca4d50214"
